
Microsoft Visual Studio Solution File, Format Version 12.00
# Visual Studio Version 17
VisualStudioVersion = 17.10.34928.147
MinimumVisualStudioVersion = 10.0.40219.1
Project("{FAE04EC0-301F-11D3-BF4B-00C04F79EFBC}") = "WinFormsApp1", "WinFormsApp1.csproj", "{8482F0A5-FC40-42DA-9F75-396D30CF8B16}"
EndProject
Global
	GlobalSection(SolutionConfigurationPlatforms) = preSolution
		Debug|Any CPU = Debug|Any CPU
		Release|Any CPU = Release|Any CPU
	EndGlobalSection
	GlobalSection(ProjectConfigurationPlatforms) = postSolution
		{8482F0A5-FC40-42DA-9F75-396D30CF8B16}.Debug|Any CPU.ActiveCfg = Debug|Any CPU
		{8482F0A5-FC40-42DA-9F75-396D30CF8B16}.Debug|Any CPU.Build.0 = Debug|Any CPU
		{8482F0A5-FC40-42DA-9F75-396D30CF8B16}.Release|Any CPU.ActiveCfg = Release|Any CPU
		{8482F0A5-FC40-42DA-9F75-396D30CF8B16}.Release|Any CPU.Build.0 = Release|Any CPU
	EndGlobalSection
	GlobalSection(SolutionProperties) = preSolution
		HideSolutionNode = FALSE
	EndGlobalSection
	GlobalSection(ExtensibilityGlobals) = postSolution
		SolutionGuid = {5D68E2D0-BEFF-444C-8391-0BD6C3D007E8}
	EndGlobalSection
EndGlobal
